
Microsoft Visual Studio Solution File, Format Version 12.00
# Visual Studio Version 17
VisualStudioVersion = 17.6.33815.320
MinimumVisualStudioVersion = 10.0.40219.1
Project("{FAE04EC0-301F-11D3-BF4B-00C04F79EFBC}") = "AppFuncionario", "AppFuncionario.csproj", "{1AF17603-88E1-4865-B7B3-4A800939C339}"
EndProject
Global
	GlobalSection(SolutionConfigurationPlatforms) = preSolution
		Debug|Any CPU = Debug|Any CPU
		Release|Any CPU = Release|Any CPU
	EndGlobalSection
	GlobalSection(ProjectConfigurationPlatforms) = postSolution
		{1AF17603-88E1-4865-B7B3-4A800939C339}.Debug|Any CPU.ActiveCfg = Debug|Any CPU
		{1AF17603-88E1-4865-B7B3-4A800939C339}.Debug|Any CPU.Build.0 = Debug|Any CPU
		{1AF17603-88E1-4865-B7B3-4A800939C339}.Release|Any CPU.ActiveCfg = Release|Any CPU
		{1AF17603-88E1-4865-B7B3-4A800939C339}.Release|Any CPU.Build.0 = Release|Any CPU
	EndGlobalSection
	GlobalSection(SolutionProperties) = preSolution
		HideSolutionNode = FALSE
	EndGlobalSection
	GlobalSection(ExtensibilityGlobals) = postSolution
		SolutionGuid = {B4EA0D86-AF8B-4450-9279-0EA43C36496C}
	EndGlobalSection
EndGlobal
